<?xml version="1.0" encoding="UTF-8"?>
<!DOCTYPE plist PUBLIC "-//Apple//DTD PLIST 1.0//EN" "http://www.apple.com/DTDs/PropertyList-1.0.dtd">
<plist version="1.0">
<dict>
	<key>archiveVersion</key>
	<string>1</string>
	<key>classes</key>
	<dict/>
	<key>objectVersion</key>
	<string>46</string>
	<key>objects</key>
	<dict>
		<key>1DE6A70E1A3C45EA99E6BC16</key>
		<dict>
			<key>children</key>
			<array>
				<string>A86CFD2511204D1485D569FC</string>
			</array>
			<key>isa</key>
			<string>PBXGroup</string>
			<key>name</key>
			<string>Frameworks</string>
			<key>sourceTree</key>
			<string>&lt;group&gt;</string>
		</dict>
		<key>23F534577AD045DEBA85B7E1</key>
		<dict>
			<key>includeInIndex</key>
			<string>1</string>
			<key>isa</key>
			<string>PBXFileReference</string>
			<key>lastKnownFileType</key>
			<string>text.xcconfig</string>
			<key>name</key>
			<string>Pods.xcconfig</string>
			<key>path</key>
			<string>Pods/Pods.xcconfig</string>
			<key>sourceTree</key>
			<string>&lt;group&gt;</string>
		</dict>
		<key>5F010A11199B0A5E00051E83</key>
		<dict>
			<key>children</key>
			<array>
				<string>5F010A17199B0A7C00051E83</string>
				<string>5F010A18199B0A7C00051E83</string>
				<string>5F5782B5199A525500FCA0EE</string>
				<string>5F5782B6199A525500FCA0EE</string>
				<string>5FA288D0199B0CF100F3CB8E</string>
				<string>5FA288D1199B0CF100F3CB8E</string>
				<string>5FA288D3199B0E7400F3CB8E</string>
				<string>5FA288D4199B0E7400F3CB8E</string>
			</array>
			<key>isa</key>
			<string>PBXGroup</string>
			<key>path</key>
			<string>Left</string>
			<key>sourceTree</key>
			<string>&lt;group&gt;</string>
		</dict>
		<key>5F010A17199B0A7C00051E83</key>
		<dict>
			<key>fileEncoding</key>
			<string>4</string>
			<key>isa</key>
			<string>PBXFileReference</string>
			<key>lastKnownFileType</key>
			<string>sourcecode.c.h</string>
			<key>path</key>
			<string>CSAlwaysOnTopHeader.h</string>
			<key>sourceTree</key>
			<string>&lt;group&gt;</string>
		</dict>
		<key>5F010A18199B0A7C00051E83</key>
		<dict>
			<key>fileEncoding</key>
			<string>4</string>
			<key>isa</key>
			<string>PBXFileReference</string>
			<key>lastKnownFileType</key>
			<string>sourcecode.c.objc</string>
			<key>path</key>
			<string>CSAlwaysOnTopHeader.m</string>
			<key>sourceTree</key>
			<string>&lt;group&gt;</string>
		</dict>
		<key>5F010A1A199B0A7C00051E83</key>
		<dict>
			<key>fileRef</key>
			<string>5F010A18199B0A7C00051E83</string>
			<key>isa</key>
			<string>PBXBuildFile</string>
		</dict>
		<key>5F0EBB5619A79117001E8626</key>
		<dict>
			<key>fileEncoding</key>
			<string>4</string>
			<key>isa</key>
			<string>PBXFileReference</string>
			<key>lastKnownFileType</key>
			<string>sourcecode.c.h</string>
			<key>path</key>
			<string>RecommedScene.h</string>
			<key>sourceTree</key>
			<string>&lt;group&gt;</string>
		</dict>
		<key>5F0EBB5719A79117001E8626</key>
		<dict>
			<key>fileEncoding</key>
			<string>4</string>
			<key>isa</key>
			<string>PBXFileReference</string>
			<key>lastKnownFileType</key>
			<string>sourcecode.c.objc</string>
			<key>path</key>
			<string>RecommedScene.m</string>
			<key>sourceTree</key>
			<string>&lt;group&gt;</string>
		</dict>
		<key>5F0EBB5819A79117001E8626</key>
		<dict>
			<key>fileRef</key>
			<string>5F0EBB5719A79117001E8626</string>
			<key>isa</key>
			<string>PBXBuildFile</string>
		</dict>
		<key>5F0EBB5919A79827001E8626</key>
		<dict>
			<key>fileEncoding</key>
			<string>4</string>
			<key>isa</key>
			<string>PBXFileReference</string>
			<key>lastKnownFileType</key>
			<string>sourcecode.c.h</string>
			<key>path</key>
			<string>BaseScene.h</string>
			<key>sourceTree</key>
			<string>&lt;group&gt;</string>
		</dict>
		<key>5F0EBB5A19A79827001E8626</key>
		<dict>
			<key>fileEncoding</key>
			<string>4</string>
			<key>isa</key>
			<string>PBXFileReference</string>
			<key>lastKnownFileType</key>
			<string>sourcecode.c.objc</string>
			<key>path</key>
			<string>BaseScene.m</string>
			<key>sourceTree</key>
			<string>&lt;group&gt;</string>
		</dict>
		<key>5F0EBB5B19A79827001E8626</key>
		<dict>
			<key>fileRef</key>
			<string>5F0EBB5A19A79827001E8626</string>
			<key>isa</key>
			<string>PBXBuildFile</string>
		</dict>
		<key>5F0EBB5C19A79F6F001E8626</key>
		<dict>
			<key>fileEncoding</key>
			<string>4</string>
			<key>isa</key>
			<string>PBXFileReference</string>
			<key>lastKnownFileType</key>
			<string>sourcecode.c.h</string>
			<key>path</key>
			<string>RecommendSceneModel.h</string>
			<key>sourceTree</key>
			<string>&lt;group&gt;</string>
		</dict>
		<key>5F0EBB5D19A79F6F001E8626</key>
		<dict>
			<key>fileEncoding</key>
			<string>4</string>
			<key>isa</key>
			<string>PBXFileReference</string>
			<key>lastKnownFileType</key>
			<string>sourcecode.c.objc</string>
			<key>path</key>
			<string>RecommendSceneModel.m</string>
			<key>sourceTree</key>
			<string>&lt;group&gt;</string>
		</dict>
		<key>5F0EBB5E19A79F6F001E8626</key>
		<dict>
			<key>fileRef</key>
			<string>5F0EBB5D19A79F6F001E8626</string>
			<key>isa</key>
			<string>PBXBuildFile</string>
		</dict>
		<key>5F0EBB5F19A7A1DE001E8626</key>
		<dict>
			<key>children</key>
			<array>
				<string>5F0EBB6019A7A1F9001E8626</string>
				<string>5F0EBB6119A7A1F9001E8626</string>
			</array>
			<key>isa</key>
			<string>PBXGroup</string>
			<key>path</key>
			<string>AlertBlock</string>
			<key>sourceTree</key>
			<string>&lt;group&gt;</string>
		</dict>
		<key>5F0EBB6019A7A1F9001E8626</key>
		<dict>
			<key>fileEncoding</key>
			<string>4</string>
			<key>isa</key>
			<string>PBXFileReference</string>
			<key>lastKnownFileType</key>
			<string>sourcecode.c.h</string>
			<key>path</key>
			<string>UIAlertView+Blocks.h</string>
			<key>sourceTree</key>
			<string>&lt;group&gt;</string>
		</dict>
		<key>5F0EBB6119A7A1F9001E8626</key>
		<dict>
			<key>fileEncoding</key>
			<string>4</string>
			<key>isa</key>
			<string>PBXFileReference</string>
			<key>lastKnownFileType</key>
			<string>sourcecode.c.objc</string>
			<key>path</key>
			<string>UIAlertView+Blocks.m</string>
			<key>sourceTree</key>
			<string>&lt;group&gt;</string>
		</dict>
		<key>5F0EBB6219A7A1F9001E8626</key>
		<dict>
			<key>fileRef</key>
			<string>5F0EBB6119A7A1F9001E8626</string>
			<key>isa</key>
			<string>PBXBuildFile</string>
		</dict>
		<key>5F0EBB7C19A82368001E8626</key>
		<dict>
			<key>isa</key>
			<string>PBXFileReference</string>
			<key>lastKnownFileType</key>
			<string>image.png</string>
			<key>path</key>
			<string>icon.png</string>
			<key>sourceTree</key>
			<string>&lt;group&gt;</string>
		</dict>
		<key>5F0EBB7D19A82368001E8626</key>
		<dict>
			<key>isa</key>
			<string>PBXFileReference</string>
			<key>lastKnownFileType</key>
			<string>image.png</string>
			<key>path</key>
			<string>icon@2x.png</string>
			<key>sourceTree</key>
			<string>&lt;group&gt;</string>
		</dict>
		<key>5F0EBB7E19A82368001E8626</key>
		<dict>
			<key>fileRef</key>
			<string>5F0EBB7C19A82368001E8626</string>
			<key>isa</key>
			<string>PBXBuildFile</string>
		</dict>
		<key>5F0EBB7F19A82368001E8626</key>
		<dict>
			<key>fileRef</key>
			<string>5F0EBB7D19A82368001E8626</string>
			<key>isa</key>
			<string>PBXBuildFile</string>
		</dict>
		<key>5F0EBB8019A82AFD001E8626</key>
		<dict>
			<key>isa</key>
			<string>PBXFileReference</string>
			<key>lastKnownFileType</key>
			<string>image.png</string>
			<key>path</key>
			<string>Default-568h.png</string>
			<key>sourceTree</key>
			<string>&lt;group&gt;</string>
		</dict>
		<key>5F0EBB8119A82AFD001E8626</key>
		<dict>
			<key>isa</key>
			<string>PBXFileReference</string>
			<key>lastKnownFileType</key>
			<string>image.png</string>
			<key>path</key>
			<string>Default.png</string>
			<key>sourceTree</key>
			<string>&lt;group&gt;</string>
		</dict>
		<key>5F0EBB8219A82AFD001E8626</key>
		<dict>
			<key>isa</key>
			<string>PBXFileReference</string>
			<key>lastKnownFileType</key>
			<string>image.png</string>
			<key>path</key>
			<string>Default@2x.png</string>
			<key>sourceTree</key>
			<string>&lt;group&gt;</string>
		</dict>
		<key>5F0EBB8319A82AFD001E8626</key>
		<dict>
			<key>fileRef</key>
			<string>5F0EBB8019A82AFD001E8626</string>
			<key>isa</key>
			<string>PBXBuildFile</string>
		</dict>
		<key>5F0EBB8419A82AFD001E8626</key>
		<dict>
			<key>fileRef</key>
			<string>5F0EBB8119A82AFD001E8626</string>
			<key>isa</key>
			<string>PBXBuildFile</string>
		</dict>
		<key>5F0EBB8519A82AFD001E8626</key>
		<dict>
			<key>fileRef</key>
			<string>5F0EBB8219A82AFD001E8626</string>
			<key>isa</key>
			<string>PBXBuildFile</string>
		</dict>
		<key>5F0EBB8619A83C7A001E8626</key>
		<dict>
			<key>children</key>
			<array>
				<string>5F0EBB5919A79827001E8626</string>
				<string>5F0EBB5A19A79827001E8626</string>
			</array>
			<key>isa</key>
			<string>PBXGroup</string>
			<key>name</key>
			<string>Base</string>
			<key>path</key>
			<string>Base</string>
			<key>sourceTree</key>
			<string>&lt;group&gt;</string>
		</dict>
		<key>5F0EBB8719A83C91001E8626</key>
		<dict>
			<key>children</key>
			<array>
				<string>5F42DD6219A353B200359866</string>
				<string>5F42DD6319A353B200359866</string>
				<string>5F42DD6719A4504B00359866</string>
				<string>5F42DD6819A4504B00359866</string>
				<string>5FC3633D19A5033F0090547A</string>
				<string>5FC3633E19A5033F0090547A</string>
				<string>5F578288199A43D700FCA0EE</string>
				<string>5F578289199A43D700FCA0EE</string>
				<string>5F5782B8199A63F900FCA0EE</string>
				<string>5F5782B9199A63F900FCA0EE</string>
				<string>5F42DD5F19A2024000359866</string>
				<string>5F42DD6019A2024000359866</string>
			</array>
			<key>isa</key>
			<string>PBXGroup</string>
			<key>name</key>
			<string>Main</string>
			<key>path</key>
			<string>Main</string>
			<key>sourceTree</key>
			<string>&lt;group&gt;</string>
		</dict>
		<key>5F0EBB8819A83CB1001E8626</key>
		<dict>
			<key>children</key>
			<array>
				<string>5F0EBB5619A79117001E8626</string>
				<string>5F0EBB5719A79117001E8626</string>
			</array>
			<key>isa</key>
			<string>PBXGroup</string>
			<key>name</key>
			<string>Recommend</string>
			<key>path</key>
			<string>Recommend</string>
			<key>sourceTree</key>
			<string>&lt;group&gt;</string>
		</dict>
		<key>5F2558E2199B579A00C79F8F</key>
		<dict>
			<key>isa</key>
			<string>PBXFileReference</string>
			<key>lastKnownFileType</key>
			<string>image.jpeg</string>
			<key>path</key>
			<string>bg.jpg</string>
			<key>sourceTree</key>
			<string>&lt;group&gt;</string>
		</dict>
		<key>5F2558E3199B579A00C79F8F</key>
		<dict>
			<key>fileRef</key>
			<string>5F2558E2199B579A00C79F8F</string>
			<key>isa</key>
			<string>PBXBuildFile</string>
		</dict>
		<key>5F42DD1819A0FF2400359866</key>
		<dict>
			<key>fileEncoding</key>
			<string>4</string>
			<key>isa</key>
			<string>PBXFileReference</string>
			<key>lastKnownFileType</key>
			<string>sourcecode.c.h</string>
			<key>path</key>
			<string>Feed.h</string>
			<key>sourceTree</key>
			<string>&lt;group&gt;</string>
		</dict>
		<key>5F42DD1919A0FF2400359866</key>
		<dict>
			<key>fileEncoding</key>
			<string>4</string>
			<key>isa</key>
			<string>PBXFileReference</string>
			<key>lastKnownFileType</key>
			<string>sourcecode.c.objc</string>
			<key>path</key>
			<string>Feed.m</string>
			<key>sourceTree</key>
			<string>&lt;group&gt;</string>
		</dict>
		<key>5F42DD1A19A0FF2400359866</key>
		<dict>
			<key>fileRef</key>
			<string>5F42DD1919A0FF2400359866</string>
			<key>isa</key>
			<string>PBXBuildFile</string>
		</dict>
		<key>5F42DD1B19A0FF3200359866</key>
		<dict>
			<key>fileEncoding</key>
			<string>4</string>
			<key>isa</key>
			<string>PBXFileReference</string>
			<key>lastKnownFileType</key>
			<string>sourcecode.c.h</string>
			<key>path</key>
			<string>Rss.h</string>
			<key>sourceTree</key>
			<string>&lt;group&gt;</string>
		</dict>
		<key>5F42DD1C19A0FF3200359866</key>
		<dict>
			<key>fileEncoding</key>
			<string>4</string>
			<key>isa</key>
			<string>PBXFileReference</string>
			<key>lastKnownFileType</key>
			<string>sourcecode.c.objc</string>
			<key>path</key>
			<string>Rss.m</string>
			<key>sourceTree</key>
			<string>&lt;group&gt;</string>
		</dict>
		<key>5F42DD1D19A0FF3200359866</key>
		<dict>
			<key>fileRef</key>
			<string>5F42DD1C19A0FF3200359866</string>
			<key>isa</key>
			<string>PBXBuildFile</string>
		</dict>
		<key>5F42DD5619A1B9E500359866</key>
		<dict>
			<key>fileEncoding</key>
			<string>4</string>
			<key>isa</key>
			<string>PBXFileReference</string>
			<key>lastKnownFileType</key>
			<string>sourcecode.c.h</string>
			<key>path</key>
			<string>FeedSceneModel.h</string>
			<key>sourceTree</key>
			<string>&lt;group&gt;</string>
		</dict>
		<key>5F42DD5719A1B9E500359866</key>
		<dict>
			<key>fileEncoding</key>
			<string>4</string>
			<key>isa</key>
			<string>PBXFileReference</string>
			<key>lastKnownFileType</key>
			<string>sourcecode.c.objc</string>
			<key>path</key>
			<string>FeedSceneModel.m</string>
			<key>sourceTree</key>
			<string>&lt;group&gt;</string>
		</dict>
		<key>5F42DD5819A1B9E500359866</key>
		<dict>
			<key>fileRef</key>
			<string>5F42DD5719A1B9E500359866</string>
			<key>isa</key>
			<string>PBXBuildFile</string>
		</dict>
		<key>5F42DD5F19A2024000359866</key>
		<dict>
			<key>fileEncoding</key>
			<string>4</string>
			<key>isa</key>
			<string>PBXFileReference</string>
			<key>lastKnownFileType</key>
			<string>sourcecode.c.h</string>
			<key>path</key>
			<string>AddScene.h</string>
			<key>sourceTree</key>
			<string>&lt;group&gt;</string>
		</dict>
		<key>5F42DD6019A2024000359866</key>
		<dict>
			<key>fileEncoding</key>
			<string>4</string>
			<key>isa</key>
			<string>PBXFileReference</string>
			<key>lastKnownFileType</key>
			<string>sourcecode.c.objc</string>
			<key>path</key>
			<string>AddScene.m</string>
			<key>sourceTree</key>
			<string>&lt;group&gt;</string>
		</dict>
		<key>5F42DD6119A2024000359866</key>
		<dict>
			<key>fileRef</key>
			<string>5F42DD6019A2024000359866</string>
			<key>isa</key>
			<string>PBXBuildFile</string>
		</dict>
		<key>5F42DD6219A353B200359866</key>
		<dict>
			<key>fileEncoding</key>
			<string>4</string>
			<key>isa</key>
			<string>PBXFileReference</string>
			<key>lastKnownFileType</key>
			<string>sourcecode.c.h</string>
			<key>path</key>
			<string>RssListScene.h</string>
			<key>sourceTree</key>
			<string>&lt;group&gt;</string>
		</dict>
		<key>5F42DD6319A353B200359866</key>
		<dict>
			<key>fileEncoding</key>
			<string>4</string>
			<key>isa</key>
			<string>PBXFileReference</string>
			<key>lastKnownFileType</key>
			<string>sourcecode.c.objc</string>
			<key>path</key>
			<string>RssListScene.m</string>
			<key>sourceTree</key>
			<string>&lt;group&gt;</string>
		</dict>
		<key>5F42DD6419A353B200359866</key>
		<dict>
			<key>fileRef</key>
			<string>5F42DD6319A353B200359866</string>
			<key>isa</key>
			<string>PBXBuildFile</string>
		</dict>
		<key>5F42DD6719A4504B00359866</key>
		<dict>
			<key>fileEncoding</key>
			<string>4</string>
			<key>isa</key>
			<string>PBXFileReference</string>
			<key>lastKnownFileType</key>
			<string>sourcecode.c.h</string>
			<key>path</key>
			<string>RssCell.h</string>
			<key>sourceTree</key>
			<string>&lt;group&gt;</string>
		</dict>
		<key>5F42DD6819A4504B00359866</key>
		<dict>
			<key>fileEncoding</key>
			<string>4</string>
			<key>isa</key>
			<string>PBXFileReference</string>
			<key>lastKnownFileType</key>
			<string>sourcecode.c.objc</string>
			<key>path</key>
			<string>RssCell.m</string>
			<key>sourceTree</key>
			<string>&lt;group&gt;</string>
		</dict>
		<key>5F42DD6919A4504B00359866</key>
		<dict>
			<key>fileRef</key>
			<string>5F42DD6819A4504B00359866</string>
			<key>isa</key>
			<string>PBXBuildFile</string>
		</dict>
		<key>5F578275199A43D600FCA0EE</key>
		<dict>
			<key>children</key>
			<array>
				<string>5F578280199A43D600FCA0EE</string>
				<string>5F57827F199A43D600FCA0EE</string>
				<string>23F534577AD045DEBA85B7E1</string>
				<string>1DE6A70E1A3C45EA99E6BC16</string>
			</array>
			<key>isa</key>
			<string>PBXGroup</string>
			<key>sourceTree</key>
			<string>&lt;group&gt;</string>
		</dict>
		<key>5F578276199A43D600FCA0EE</key>
		<dict>
			<key>attributes</key>
			<dict>
				<key>LastUpgradeCheck</key>
				<string>0600</string>
				<key>ORGANIZATIONNAME</key>
				<string>zhuchao</string>
				<key>TargetAttributes</key>
				<dict>
					<key>5F57827D199A43D600FCA0EE</key>
					<dict>
						<key>CreatedOnToolsVersion</key>
						<string>6.0</string>
					</dict>
					<key>5F578293199A43D700FCA0EE</key>
					<dict>
						<key>CreatedOnToolsVersion</key>
						<string>6.0</string>
						<key>TestTargetID</key>
						<string>5F57827D199A43D600FCA0EE</string>
					</dict>
				</dict>
			</dict>
			<key>buildConfigurationList</key>
			<string>5F578279199A43D600FCA0EE</string>
			<key>compatibilityVersion</key>
			<string>Xcode 3.2</string>
			<key>developmentRegion</key>
			<string>English</string>
			<key>hasScannedForEncodings</key>
			<string>0</string>
			<key>isa</key>
			<string>PBXProject</string>
			<key>knownRegions</key>
			<array>
				<string>en</string>
				<string>Base</string>
			</array>
			<key>mainGroup</key>
			<string>5F578275199A43D600FCA0EE</string>
			<key>productRefGroup</key>
			<string>5F57827F199A43D600FCA0EE</string>
			<key>projectDirPath</key>
			<string></string>
			<key>projectReferences</key>
			<array/>
			<key>projectRoot</key>
			<string></string>
			<key>targets</key>
			<array>
				<string>5F57827D199A43D600FCA0EE</string>
				<string>5F578293199A43D700FCA0EE</string>
			</array>
		</dict>
		<key>5F578279199A43D600FCA0EE</key>
		<dict>
			<key>buildConfigurations</key>
			<array>
				<string>5F57829C199A43D700FCA0EE</string>
				<string>5F57829D199A43D700FCA0EE</string>
			</array>
			<key>defaultConfigurationIsVisible</key>
			<string>0</string>
			<key>defaultConfigurationName</key>
			<string>Release</string>
			<key>isa</key>
			<string>XCConfigurationList</string>
		</dict>
		<key>5F57827A199A43D600FCA0EE</key>
		<dict>
			<key>buildActionMask</key>
			<string>2147483647</string>
			<key>files</key>
			<array>
				<string>5F42DD1D19A0FF3200359866</string>
				<string>5F010A1A199B0A7C00051E83</string>
				<string>5F42DD1A19A0FF2400359866</string>
				<string>5F5782B1199A4CAA00FCA0EE</string>
				<string>5F5782B7199A525500FCA0EE</string>
				<string>5F57828A199A43D700FCA0EE</string>
				<string>5F578287199A43D700FCA0EE</string>
				<string>5F578284199A43D700FCA0EE</string>
				<string>5F5782BA199A63F900FCA0EE</string>
				<string>5FA288D5199B0E7400F3CB8E</string>
				<string>5F42DD6419A353B200359866</string>
				<string>5F42DD6919A4504B00359866</string>
				<string>5F42DD6119A2024000359866</string>
				<string>5F0EBB5B19A79827001E8626</string>
				<string>5F5782B2199A4CAA00FCA0EE</string>
				<string>5F42DD5819A1B9E500359866</string>
				<string>5FC3633F19A5033F0090547A</string>
				<string>5F0EBB5E19A79F6F001E8626</string>
				<string>5F0EBB6219A7A1F9001E8626</string>
				<string>5F0EBB5819A79117001E8626</string>
				<string>5FA288D2199B0CF100F3CB8E</string>
			</array>
			<key>isa</key>
			<string>PBXSourcesBuildPhase</string>
			<key>runOnlyForDeploymentPostprocessing</key>
			<string>0</string>
		</dict>
		<key>5F57827B199A43D600FCA0EE</key>
		<dict>
			<key>buildActionMask</key>
			<string>2147483647</string>
			<key>files</key>
			<array>
				<string>E162A456897B49C39563CC16</string>
			</array>
			<key>isa</key>
			<string>PBXFrameworksBuildPhase</string>
			<key>runOnlyForDeploymentPostprocessing</key>
			<string>0</string>
		</dict>
		<key>5F57827C199A43D600FCA0EE</key>
		<dict>
			<key>buildActionMask</key>
			<string>2147483647</string>
			<key>files</key>
			<array>
				<string>5F0EBB8319A82AFD001E8626</string>
				<string>5F0EBB8419A82AFD001E8626</string>
				<string>5F0EBB8519A82AFD001E8626</string>
				<string>5F0EBB7F19A82368001E8626</string>
				<string>5FC3633C19A4FD050090547A</string>
				<string>5F57828D199A43D700FCA0EE</string>
				<string>5F0EBB7E19A82368001E8626</string>
				<string>5FC3634319A505230090547A</string>
				<string>5F2558E3199B579A00C79F8F</string>
				<string>5F57828F199A43D700FCA0EE</string>
			</array>
			<key>isa</key>
			<string>PBXResourcesBuildPhase</string>
			<key>runOnlyForDeploymentPostprocessing</key>
			<string>0</string>
		</dict>
		<key>5F57827D199A43D600FCA0EE</key>
		<dict>
			<key>buildConfigurationList</key>
			<string>5F57829E199A43D700FCA0EE</string>
			<key>buildPhases</key>
			<array>
				<string>8B531E9FA80149D58BACC8FA</string>
				<string>5F57827A199A43D600FCA0EE</string>
				<string>5F57827B199A43D600FCA0EE</string>
				<string>5F57827C199A43D600FCA0EE</string>
				<string>D86E362395494708A490D147</string>
			</array>
			<key>buildRules</key>
			<array/>
			<key>dependencies</key>
			<array/>
			<key>isa</key>
			<string>PBXNativeTarget</string>
			<key>name</key>
			<string>rssreader</string>
			<key>productName</key>
			<string>rssreader</string>
			<key>productReference</key>
			<string>5F57827E199A43D600FCA0EE</string>
			<key>productType</key>
			<string>com.apple.product-type.application</string>
		</dict>
		<key>5F57827E199A43D600FCA0EE</key>
		<dict>
			<key>explicitFileType</key>
			<string>wrapper.application</string>
			<key>includeInIndex</key>
			<string>0</string>
			<key>isa</key>
			<string>PBXFileReference</string>
			<key>path</key>
			<string>rssreader.app</string>
			<key>sourceTree</key>
			<string>BUILT_PRODUCTS_DIR</string>
		</dict>
		<key>5F57827F199A43D600FCA0EE</key>
		<dict>
			<key>children</key>
			<array>
				<string>5F57827E199A43D600FCA0EE</string>
				<string>5F578294199A43D700FCA0EE</string>
			</array>
			<key>isa</key>
			<string>PBXGroup</string>
			<key>name</key>
			<string>Products</string>
			<key>sourceTree</key>
			<string>&lt;group&gt;</string>
		</dict>
		<key>5F578280199A43D600FCA0EE</key>
		<dict>
			<key>children</key>
			<array>
				<string>5F5782A4199A4B8A00FCA0EE</string>
				<string>5F578285199A43D700FCA0EE</string>
				<string>5F578286199A43D700FCA0EE</string>
				<string>5F57828B199A43D700FCA0EE</string>
				<string>5F57828E199A43D700FCA0EE</string>
				<string>5F578281199A43D600FCA0EE</string>
			</array>
			<key>isa</key>
			<string>PBXGroup</string>
			<key>path</key>
			<string>rssreader</string>
			<key>sourceTree</key>
			<string>&lt;group&gt;</string>
		</dict>
		<key>5F578281199A43D600FCA0EE</key>
		<dict>
			<key>children</key>
			<array>
				<string>5F578282199A43D600FCA0EE</string>
				<string>5F578283199A43D700FCA0EE</string>
			</array>
			<key>isa</key>
			<string>PBXGroup</string>
			<key>path</key>
			<string>Supporting Files</string>
			<key>sourceTree</key>
			<string>&lt;group&gt;</string>
		</dict>
		<key>5F578282199A43D600FCA0EE</key>
		<dict>
			<key>isa</key>
			<string>PBXFileReference</string>
			<key>lastKnownFileType</key>
			<string>text.plist.xml</string>
			<key>path</key>
			<string>Info.plist</string>
			<key>sourceTree</key>
			<string>&lt;group&gt;</string>
		</dict>
		<key>5F578283199A43D700FCA0EE</key>
		<dict>
			<key>isa</key>
			<string>PBXFileReference</string>
			<key>lastKnownFileType</key>
			<string>sourcecode.c.objc</string>
			<key>path</key>
			<string>main.m</string>
			<key>sourceTree</key>
			<string>&lt;group&gt;</string>
		</dict>
		<key>5F578284199A43D700FCA0EE</key>
		<dict>
			<key>fileRef</key>
			<string>5F578283199A43D700FCA0EE</string>
			<key>isa</key>
			<string>PBXBuildFile</string>
		</dict>
		<key>5F578285199A43D700FCA0EE</key>
		<dict>
			<key>isa</key>
			<string>PBXFileReference</string>
			<key>lastKnownFileType</key>
			<string>sourcecode.c.h</string>
			<key>path</key>
			<string>AppDelegate.h</string>
			<key>sourceTree</key>
			<string>&lt;group&gt;</string>
		</dict>
		<key>5F578286199A43D700FCA0EE</key>
		<dict>
			<key>isa</key>
			<string>PBXFileReference</string>
			<key>lastKnownFileType</key>
			<string>sourcecode.c.objc</string>
			<key>path</key>
			<string>AppDelegate.m</string>
			<key>sourceTree</key>
			<string>&lt;group&gt;</string>
		</dict>
		<key>5F578287199A43D700FCA0EE</key>
		<dict>
			<key>fileRef</key>
			<string>5F578286199A43D700FCA0EE</string>
			<key>isa</key>
			<string>PBXBuildFile</string>
		</dict>
		<key>5F578288199A43D700FCA0EE</key>
		<dict>
			<key>isa</key>
			<string>PBXFileReference</string>
			<key>lastKnownFileType</key>
			<string>sourcecode.c.h</string>
			<key>path</key>
			<string>RootScene.h</string>
			<key>sourceTree</key>
			<string>&lt;group&gt;</string>
		</dict>
		<key>5F578289199A43D700FCA0EE</key>
		<dict>
			<key>isa</key>
			<string>PBXFileReference</string>
			<key>lastKnownFileType</key>
			<string>sourcecode.c.objc</string>
			<key>path</key>
			<string>RootScene.m</string>
			<key>sourceTree</key>
			<string>&lt;group&gt;</string>
		</dict>
		<key>5F57828A199A43D700FCA0EE</key>
		<dict>
			<key>fileRef</key>
			<string>5F578289199A43D700FCA0EE</string>
			<key>isa</key>
			<string>PBXBuildFile</string>
		</dict>
		<key>5F57828B199A43D700FCA0EE</key>
		<dict>
			<key>children</key>
			<array>
				<string>5F57828C199A43D700FCA0EE</string>
			</array>
			<key>isa</key>
			<string>PBXVariantGroup</string>
			<key>name</key>
			<string>Main.storyboard</string>
			<key>sourceTree</key>
			<string>&lt;group&gt;</string>
		</dict>
		<key>5F57828C199A43D700FCA0EE</key>
		<dict>
			<key>isa</key>
			<string>PBXFileReference</string>
			<key>lastKnownFileType</key>
			<string>file.storyboard</string>
			<key>name</key>
			<string>Base</string>
			<key>path</key>
			<string>Base.lproj/Main.storyboard</string>
			<key>sourceTree</key>
			<string>&lt;group&gt;</string>
		</dict>
		<key>5F57828D199A43D700FCA0EE</key>
		<dict>
			<key>fileRef</key>
			<string>5F57828B199A43D700FCA0EE</string>
			<key>isa</key>
			<string>PBXBuildFile</string>
		</dict>
		<key>5F57828E199A43D700FCA0EE</key>
		<dict>
			<key>isa</key>
			<string>PBXFileReference</string>
			<key>lastKnownFileType</key>
			<string>folder.assetcatalog</string>
			<key>path</key>
			<string>Images.xcassets</string>
			<key>sourceTree</key>
			<string>&lt;group&gt;</string>
		</dict>
		<key>5F57828F199A43D700FCA0EE</key>
		<dict>
			<key>fileRef</key>
			<string>5F57828E199A43D700FCA0EE</string>
			<key>isa</key>
			<string>PBXBuildFile</string>
		</dict>
		<key>5F578290199A43D700FCA0EE</key>
		<dict>
			<key>buildActionMask</key>
			<string>2147483647</string>
			<key>files</key>
			<array/>
			<key>isa</key>
			<string>PBXSourcesBuildPhase</string>
			<key>runOnlyForDeploymentPostprocessing</key>
			<string>0</string>
		</dict>
		<key>5F578291199A43D700FCA0EE</key>
		<dict>
			<key>buildActionMask</key>
			<string>2147483647</string>
			<key>files</key>
			<array/>
			<key>isa</key>
			<string>PBXFrameworksBuildPhase</string>
			<key>runOnlyForDeploymentPostprocessing</key>
			<string>0</string>
		</dict>
		<key>5F578292199A43D700FCA0EE</key>
		<dict>
			<key>buildActionMask</key>
			<string>2147483647</string>
			<key>files</key>
			<array/>
			<key>isa</key>
			<string>PBXResourcesBuildPhase</string>
			<key>runOnlyForDeploymentPostprocessing</key>
			<string>0</string>
		</dict>
		<key>5F578293199A43D700FCA0EE</key>
		<dict>
			<key>buildConfigurationList</key>
			<string>5F5782A1199A43D700FCA0EE</string>
			<key>buildPhases</key>
			<array>
				<string>5F578290199A43D700FCA0EE</string>
				<string>5F578291199A43D700FCA0EE</string>
				<string>5F578292199A43D700FCA0EE</string>
			</array>
			<key>buildRules</key>
			<array/>
			<key>dependencies</key>
			<array>
				<string>5F578296199A43D700FCA0EE</string>
			</array>
			<key>isa</key>
			<string>PBXNativeTarget</string>
			<key>name</key>
			<string>rssreaderTests</string>
			<key>productName</key>
			<string>rssreaderTests</string>
			<key>productReference</key>
			<string>5F578294199A43D700FCA0EE</string>
			<key>productType</key>
			<string>com.apple.product-type.bundle.unit-test</string>
		</dict>
		<key>5F578294199A43D700FCA0EE</key>
		<dict>
			<key>explicitFileType</key>
			<string>wrapper.cfbundle</string>
			<key>includeInIndex</key>
			<string>0</string>
			<key>isa</key>
			<string>PBXFileReference</string>
			<key>path</key>
			<string>rssreaderTests.xctest</string>
			<key>sourceTree</key>
			<string>BUILT_PRODUCTS_DIR</string>
		</dict>
		<key>5F578295199A43D700FCA0EE</key>
		<dict>
			<key>containerPortal</key>
			<string>5F578276199A43D600FCA0EE</string>
			<key>isa</key>
			<string>PBXContainerItemProxy</string>
			<key>proxyType</key>
			<string>1</string>
			<key>remoteGlobalIDString</key>
			<string>5F57827D199A43D600FCA0EE</string>
			<key>remoteInfo</key>
			<string>rssreader</string>
		</dict>
		<key>5F578296199A43D700FCA0EE</key>
		<dict>
			<key>isa</key>
			<string>PBXTargetDependency</string>
			<key>target</key>
			<string>5F57827D199A43D600FCA0EE</string>
			<key>targetProxy</key>
			<string>5F578295199A43D700FCA0EE</string>
		</dict>
		<key>5F57829C199A43D700FCA0EE</key>
		<dict>
			<key>buildSettings</key>
			<dict>
				<key>ALWAYS_SEARCH_USER_PATHS</key>
				<string>NO</string>
				<key>CLANG_CXX_LANGUAGE_STANDARD</key>
				<string>gnu++0x</string>
				<key>CLANG_CXX_LIBRARY</key>
				<string>libc++</string>
				<key>CLANG_ENABLE_MODULES</key>
				<string>YES</string>
				<key>CLANG_ENABLE_OBJC_ARC</key>
				<string>YES</string>
				<key>CLANG_WARN_BOOL_CONVERSION</key>
				<string>YES</string>
				<key>CLANG_WARN_CONSTANT_CONVERSION</key>
				<string>YES</string>
				<key>CLANG_WARN_DIRECT_OBJC_ISA_USAGE</key>
				<string>YES_ERROR</string>
				<key>CLANG_WARN_EMPTY_BODY</key>
				<string>YES</string>
				<key>CLANG_WARN_ENUM_CONVERSION</key>
				<string>YES</string>
				<key>CLANG_WARN_INT_CONVERSION</key>
				<string>YES</string>
				<key>CLANG_WARN_OBJC_ROOT_CLASS</key>
				<string>YES_ERROR</string>
				<key>CLANG_WARN_UNREACHABLE_CODE</key>
				<string>YES</string>
				<key>CLANG_WARN__DUPLICATE_METHOD_MATCH</key>
				<string>YES</string>
				<key>CODE_SIGN_IDENTITY[sdk=iphoneos*]</key>
				<string>iPhone Developer</string>
				<key>COPY_PHASE_STRIP</key>
				<string>NO</string>
				<key>ENABLE_STRICT_OBJC_MSGSEND</key>
				<string>YES</string>
				<key>GCC_C_LANGUAGE_STANDARD</key>
				<string>gnu99</string>
				<key>GCC_DYNAMIC_NO_PIC</key>
				<string>NO</string>
				<key>GCC_OPTIMIZATION_LEVEL</key>
				<string>0</string>
				<key>GCC_PREPROCESSOR_DEFINITIONS</key>
				<array>
					<string>DEBUG=1</string>
					<string>$(inherited)</string>
				</array>
				<key>GCC_SYMBOLS_PRIVATE_EXTERN</key>
				<string>NO</string>
				<key>GCC_WARN_64_TO_32_BIT_CONVERSION</key>
				<string>YES</string>
				<key>GCC_WARN_ABOUT_RETURN_TYPE</key>
				<string>YES_ERROR</string>
				<key>GCC_WARN_UNDECLARED_SELECTOR</key>
				<string>YES</string>
				<key>GCC_WARN_UNINITIALIZED_AUTOS</key>
				<string>YES_AGGRESSIVE</string>
				<key>GCC_WARN_UNUSED_FUNCTION</key>
				<string>YES</string>
				<key>GCC_WARN_UNUSED_VARIABLE</key>
				<string>YES</string>
				<key>IPHONEOS_DEPLOYMENT_TARGET</key>
				<string>8.0</string>
				<key>MTL_ENABLE_DEBUG_INFO</key>
				<string>YES</string>
				<key>ONLY_ACTIVE_ARCH</key>
				<string>YES</string>
				<key>SDKROOT</key>
				<string>iphoneos</string>
			</dict>
			<key>isa</key>
			<string>XCBuildConfiguration</string>
			<key>name</key>
			<string>Debug</string>
		</dict>
		<key>5F57829D199A43D700FCA0EE</key>
		<dict>
			<key>buildSettings</key>
			<dict>
				<key>ALWAYS_SEARCH_USER_PATHS</key>
				<string>NO</string>
				<key>CLANG_CXX_LANGUAGE_STANDARD</key>
				<string>gnu++0x</string>
				<key>CLANG_CXX_LIBRARY</key>
				<string>libc++</string>
				<key>CLANG_ENABLE_MODULES</key>
				<string>YES</string>
				<key>CLANG_ENABLE_OBJC_ARC</key>
				<string>YES</string>
				<key>CLANG_WARN_BOOL_CONVERSION</key>
				<string>YES</string>
				<key>CLANG_WARN_CONSTANT_CONVERSION</key>
				<string>YES</string>
				<key>CLANG_WARN_DIRECT_OBJC_ISA_USAGE</key>
				<string>YES_ERROR</string>
				<key>CLANG_WARN_EMPTY_BODY</key>
				<string>YES</string>
				<key>CLANG_WARN_ENUM_CONVERSION</key>
				<string>YES</string>
				<key>CLANG_WARN_INT_CONVERSION</key>
				<string>YES</string>
				<key>CLANG_WARN_OBJC_ROOT_CLASS</key>
				<string>YES_ERROR</string>
				<key>CLANG_WARN_UNREACHABLE_CODE</key>
				<string>YES</string>
				<key>CLANG_WARN__DUPLICATE_METHOD_MATCH</key>
				<string>YES</string>
				<key>CODE_SIGN_IDENTITY[sdk=iphoneos*]</key>
				<string>iPhone Developer</string>
				<key>COPY_PHASE_STRIP</key>
				<string>YES</string>
				<key>ENABLE_NS_ASSERTIONS</key>
				<string>NO</string>
				<key>ENABLE_STRICT_OBJC_MSGSEND</key>
				<string>YES</string>
				<key>GCC_C_LANGUAGE_STANDARD</key>
				<string>gnu99</string>
				<key>GCC_WARN_64_TO_32_BIT_CONVERSION</key>
				<string>YES</string>
				<key>GCC_WARN_ABOUT_RETURN_TYPE</key>
				<string>YES_ERROR</string>
				<key>GCC_WARN_UNDECLARED_SELECTOR</key>
				<string>YES</string>
				<key>GCC_WARN_UNINITIALIZED_AUTOS</key>
				<string>YES_AGGRESSIVE</string>
				<key>GCC_WARN_UNUSED_FUNCTION</key>
				<string>YES</string>
				<key>GCC_WARN_UNUSED_VARIABLE</key>
				<string>YES</string>
				<key>IPHONEOS_DEPLOYMENT_TARGET</key>
				<string>8.0</string>
				<key>MTL_ENABLE_DEBUG_INFO</key>
				<string>NO</string>
				<key>SDKROOT</key>
				<string>iphoneos</string>
				<key>VALIDATE_PRODUCT</key>
				<string>YES</string>
			</dict>
			<key>isa</key>
			<string>XCBuildConfiguration</string>
			<key>name</key>
			<string>Release</string>
		</dict>
		<key>5F57829E199A43D700FCA0EE</key>
		<dict>
			<key>buildConfigurations</key>
			<array>
				<string>5F57829F199A43D700FCA0EE</string>
				<string>5F5782A0199A43D700FCA0EE</string>
			</array>
			<key>defaultConfigurationIsVisible</key>
			<string>0</string>
			<key>defaultConfigurationName</key>
			<string>Release</string>
			<key>isa</key>
			<string>XCConfigurationList</string>
		</dict>
		<key>5F57829F199A43D700FCA0EE</key>
		<dict>
			<key>baseConfigurationReference</key>
			<string>23F534577AD045DEBA85B7E1</string>
			<key>buildSettings</key>
			<dict>
				<key>INFOPLIST_FILE</key>
				<string>rssreader/Supporting Files/Info.plist</string>
				<key>IPHONEOS_DEPLOYMENT_TARGET</key>
				<string>7.0</string>
				<key>LD_RUNPATH_SEARCH_PATHS</key>
				<string>$(inherited) @executable_path/Frameworks</string>
				<key>PRODUCT_NAME</key>
				<string>$(TARGET_NAME)</string>
			</dict>
			<key>isa</key>
			<string>XCBuildConfiguration</string>
			<key>name</key>
			<string>Debug</string>
		</dict>
		<key>5F5782A0199A43D700FCA0EE</key>
		<dict>
			<key>baseConfigurationReference</key>
			<string>23F534577AD045DEBA85B7E1</string>
			<key>buildSettings</key>
			<dict>
				<key>INFOPLIST_FILE</key>
				<string>rssreader/Supporting Files/Info.plist</string>
				<key>IPHONEOS_DEPLOYMENT_TARGET</key>
				<string>7.0</string>
				<key>LD_RUNPATH_SEARCH_PATHS</key>
				<string>$(inherited) @executable_path/Frameworks</string>
				<key>PRODUCT_NAME</key>
				<string>$(TARGET_NAME)</string>
			</dict>
			<key>isa</key>
			<string>XCBuildConfiguration</string>
			<key>name</key>
			<string>Release</string>
		</dict>
		<key>5F5782A1199A43D700FCA0EE</key>
		<dict>
			<key>buildConfigurations</key>
			<array>
				<string>5F5782A2199A43D700FCA0EE</string>
				<string>5F5782A3199A43D700FCA0EE</string>
			</array>
			<key>defaultConfigurationIsVisible</key>
			<string>0</string>
			<key>defaultConfigurationName</key>
			<string>Release</string>
			<key>isa</key>
			<string>XCConfigurationList</string>
		</dict>
		<key>5F5782A2199A43D700FCA0EE</key>
		<dict>
			<key>buildSettings</key>
			<dict>
				<key>BUNDLE_LOADER</key>
				<string>$(TEST_HOST)</string>
				<key>FRAMEWORK_SEARCH_PATHS</key>
				<array>
					<string>$(SDKROOT)/Developer/Library/Frameworks</string>
					<string>$(inherited)</string>
				</array>
				<key>GCC_INCREASE_PRECOMPILED_HEADER_SHARING</key>
				<string>NO</string>
				<key>GCC_PRECOMPILE_PREFIX_HEADER</key>
				<string>NO</string>
				<key>GCC_PREFIX_HEADER</key>
				<string></string>
				<key>GCC_PREPROCESSOR_DEFINITIONS</key>
				<array>
					<string>DEBUG=1</string>
					<string>$(inherited)</string>
				</array>
				<key>INFOPLIST_FILE</key>
				<string>rssreader/Supporting Files/Info.plist</string>
				<key>LD_RUNPATH_SEARCH_PATHS</key>
				<string>$(inherited) @executable_path/Frameworks @loader_path/Frameworks</string>
				<key>PRODUCT_NAME</key>
				<string>$(TARGET_NAME)</string>
				<key>TEST_HOST</key>
				<string>$(BUILT_PRODUCTS_DIR)/rssreader.app/rssreader</string>
			</dict>
			<key>isa</key>
			<string>XCBuildConfiguration</string>
			<key>name</key>
			<string>Debug</string>
		</dict>
		<key>5F5782A3199A43D700FCA0EE</key>
		<dict>
			<key>buildSettings</key>
			<dict>
				<key>BUNDLE_LOADER</key>
				<string>$(TEST_HOST)</string>
				<key>FRAMEWORK_SEARCH_PATHS</key>
				<array>
					<string>$(SDKROOT)/Developer/Library/Frameworks</string>
					<string>$(inherited)</string>
				</array>
				<key>GCC_INCREASE_PRECOMPILED_HEADER_SHARING</key>
				<string>NO</string>
				<key>GCC_PRECOMPILE_PREFIX_HEADER</key>
				<string>NO</string>
				<key>GCC_PREFIX_HEADER</key>
				<string></string>
				<key>INFOPLIST_FILE</key>
				<string>rssreader/Supporting Files/Info.plist</string>
				<key>LD_RUNPATH_SEARCH_PATHS</key>
				<string>$(inherited) @executable_path/Frameworks @loader_path/Frameworks</string>
				<key>PRODUCT_NAME</key>
				<string>$(TARGET_NAME)</string>
				<key>TEST_HOST</key>
				<string>$(BUILT_PRODUCTS_DIR)/rssreader.app/rssreader</string>
			</dict>
			<key>isa</key>
			<string>XCBuildConfiguration</string>
			<key>name</key>
			<string>Release</string>
		</dict>
		<key>5F5782A4199A4B8A00FCA0EE</key>
		<dict>
			<key>children</key>
			<array>
				<string>5F5782AB199A4C9A00FCA0EE</string>
				<string>5F5782AA199A4BCA00FCA0EE</string>
				<string>5F5782A8199A4BB400FCA0EE</string>
				<string>5F5782A7199A4BAC00FCA0EE</string>
				<string>5F5782A6199A4BA300FCA0EE</string>
				<string>5F5782A5199A4B9900FCA0EE</string>
			</array>
			<key>isa</key>
			<string>PBXGroup</string>
			<key>path</key>
			<string>Home</string>
			<key>sourceTree</key>
			<string>&lt;group&gt;</string>
		</dict>
		<key>5F5782A5199A4B9900FCA0EE</key>
		<dict>
			<key>children</key>
			<array>
				<string>5F42DD1819A0FF2400359866</string>
				<string>5F42DD1919A0FF2400359866</string>
				<string>5F42DD1B19A0FF3200359866</string>
				<string>5F42DD1C19A0FF3200359866</string>
			</array>
			<key>isa</key>
			<string>PBXGroup</string>
			<key>path</key>
			<string>Model</string>
			<key>sourceTree</key>
			<string>&lt;group&gt;</string>
		</dict>
		<key>5F5782A6199A4BA300FCA0EE</key>
		<dict>
			<key>children</key>
			<array>
				<string>5F0EBB8819A83CB1001E8626</string>
				<string>5F0EBB8719A83C91001E8626</string>
				<string>5F0EBB8619A83C7A001E8626</string>
				<string>5F010A11199B0A5E00051E83</string>
			</array>
			<key>isa</key>
			<string>PBXGroup</string>
			<key>path</key>
			<string>Scene</string>
			<key>sourceTree</key>
			<string>&lt;group&gt;</string>
		</dict>
		<key>5F5782A7199A4BAC00FCA0EE</key>
		<dict>
			<key>children</key>
			<array>
				<string>5F42DD5619A1B9E500359866</string>
				<string>5F42DD5719A1B9E500359866</string>
				<string>5F0EBB5C19A79F6F001E8626</string>
				<string>5F0EBB5D19A79F6F001E8626</string>
			</array>
			<key>isa</key>
			<string>PBXGroup</string>
			<key>path</key>
			<string>SceneModel</string>
			<key>sourceTree</key>
			<string>&lt;group&gt;</string>
		</dict>
		<key>5F5782A8199A4BB400FCA0EE</key>
		<dict>
			<key>children</key>
			<array/>
			<key>isa</key>
			<string>PBXGroup</string>
			<key>path</key>
			<string>Request</string>
			<key>sourceTree</key>
			<string>&lt;group&gt;</string>
		</dict>
		<key>5F5782AA199A4BCA00FCA0EE</key>
		<dict>
			<key>children</key>
			<array>
				<string>5F0EBB8019A82AFD001E8626</string>
				<string>5F0EBB8119A82AFD001E8626</string>
				<string>5F0EBB8219A82AFD001E8626</string>
				<string>5FC3634019A505230090547A</string>
				<string>5F0EBB7C19A82368001E8626</string>
				<string>5F0EBB7D19A82368001E8626</string>
				<string>5FC3633B19A4FD050090547A</string>
				<string>5F2558E2199B579A00C79F8F</string>
			</array>
			<key>isa</key>
			<string>PBXGroup</string>
			<key>path</key>
			<string>Rescource</string>
			<key>sourceTree</key>
			<string>&lt;group&gt;</string>
		</dict>
		<key>5F5782AB199A4C9A00FCA0EE</key>
		<dict>
			<key>children</key>
			<array>
				<string>5F0EBB5F19A7A1DE001E8626</string>
				<string>5F5782AC199A4CAA00FCA0EE</string>
			</array>
			<key>isa</key>
			<string>PBXGroup</string>
			<key>path</key>
			<string>Vendor</string>
			<key>sourceTree</key>
			<string>&lt;group&gt;</string>
		</dict>
		<key>5F5782AC199A4CAA00FCA0EE</key>
		<dict>
			<key>children</key>
			<array>
				<string>5F5782AD199A4CAA00FCA0EE</string>
				<string>5F5782AE199A4CAA00FCA0EE</string>
				<string>5F5782AF199A4CAA00FCA0EE</string>
				<string>5F5782B0199A4CAA00FCA0EE</string>
			</array>
			<key>isa</key>
			<string>PBXGroup</string>
			<key>path</key>
			<string>ICSDrawerController</string>
			<key>sourceTree</key>
			<string>&lt;group&gt;</string>
		</dict>
		<key>5F5782AD199A4CAA00FCA0EE</key>
		<dict>
			<key>fileEncoding</key>
			<string>4</string>
			<key>isa</key>
			<string>PBXFileReference</string>
			<key>lastKnownFileType</key>
			<string>sourcecode.c.h</string>
			<key>path</key>
			<string>ICSDrawerController.h</string>
			<key>sourceTree</key>
			<string>&lt;group&gt;</string>
		</dict>
		<key>5F5782AE199A4CAA00FCA0EE</key>
		<dict>
			<key>fileEncoding</key>
			<string>4</string>
			<key>isa</key>
			<string>PBXFileReference</string>
			<key>lastKnownFileType</key>
			<string>sourcecode.c.objc</string>
			<key>path</key>
			<string>ICSDrawerController.m</string>
			<key>sourceTree</key>
			<string>&lt;group&gt;</string>
		</dict>
		<key>5F5782AF199A4CAA00FCA0EE</key>
		<dict>
			<key>fileEncoding</key>
			<string>4</string>
			<key>isa</key>
			<string>PBXFileReference</string>
			<key>lastKnownFileType</key>
			<string>sourcecode.c.h</string>
			<key>path</key>
			<string>ICSDropShadowView.h</string>
			<key>sourceTree</key>
			<string>&lt;group&gt;</string>
		</dict>
		<key>5F5782B0199A4CAA00FCA0EE</key>
		<dict>
			<key>fileEncoding</key>
			<string>4</string>
			<key>isa</key>
			<string>PBXFileReference</string>
			<key>lastKnownFileType</key>
			<string>sourcecode.c.objc</string>
			<key>path</key>
			<string>ICSDropShadowView.m</string>
			<key>sourceTree</key>
			<string>&lt;group&gt;</string>
		</dict>
		<key>5F5782B1199A4CAA00FCA0EE</key>
		<dict>
			<key>fileRef</key>
			<string>5F5782AE199A4CAA00FCA0EE</string>
			<key>isa</key>
			<string>PBXBuildFile</string>
		</dict>
		<key>5F5782B2199A4CAA00FCA0EE</key>
		<dict>
			<key>fileRef</key>
			<string>5F5782B0199A4CAA00FCA0EE</string>
			<key>isa</key>
			<string>PBXBuildFile</string>
		</dict>
		<key>5F5782B5199A525500FCA0EE</key>
		<dict>
			<key>fileEncoding</key>
			<string>4</string>
			<key>isa</key>
			<string>PBXFileReference</string>
			<key>lastKnownFileType</key>
			<string>sourcecode.c.h</string>
			<key>path</key>
			<string>LeftScene.h</string>
			<key>sourceTree</key>
			<string>&lt;group&gt;</string>
		</dict>
		<key>5F5782B6199A525500FCA0EE</key>
		<dict>
			<key>fileEncoding</key>
			<string>4</string>
			<key>isa</key>
			<string>PBXFileReference</string>
			<key>lastKnownFileType</key>
			<string>sourcecode.c.objc</string>
			<key>path</key>
			<string>LeftScene.m</string>
			<key>sourceTree</key>
			<string>&lt;group&gt;</string>
		</dict>
		<key>5F5782B7199A525500FCA0EE</key>
		<dict>
			<key>fileRef</key>
			<string>5F5782B6199A525500FCA0EE</string>
			<key>isa</key>
			<string>PBXBuildFile</string>
		</dict>
		<key>5F5782B8199A63F900FCA0EE</key>
		<dict>
			<key>fileEncoding</key>
			<string>4</string>
			<key>isa</key>
			<string>PBXFileReference</string>
			<key>lastKnownFileType</key>
			<string>sourcecode.c.h</string>
			<key>path</key>
			<string>CenterNav.h</string>
			<key>sourceTree</key>
			<string>&lt;group&gt;</string>
		</dict>
		<key>5F5782B9199A63F900FCA0EE</key>
		<dict>
			<key>fileEncoding</key>
			<string>4</string>
			<key>isa</key>
			<string>PBXFileReference</string>
			<key>lastKnownFileType</key>
			<string>sourcecode.c.objc</string>
			<key>path</key>
			<string>CenterNav.m</string>
			<key>sourceTree</key>
			<string>&lt;group&gt;</string>
		</dict>
		<key>5F5782BA199A63F900FCA0EE</key>
		<dict>
			<key>fileRef</key>
			<string>5F5782B9199A63F900FCA0EE</string>
			<key>isa</key>
			<string>PBXBuildFile</string>
		</dict>
		<key>5FA288D0199B0CF100F3CB8E</key>
		<dict>
			<key>fileEncoding</key>
			<string>4</string>
			<key>isa</key>
			<string>PBXFileReference</string>
			<key>lastKnownFileType</key>
			<string>sourcecode.c.h</string>
			<key>path</key>
			<string>LeftCell.h</string>
			<key>sourceTree</key>
			<string>&lt;group&gt;</string>
		</dict>
		<key>5FA288D1199B0CF100F3CB8E</key>
		<dict>
			<key>fileEncoding</key>
			<string>4</string>
			<key>isa</key>
			<string>PBXFileReference</string>
			<key>lastKnownFileType</key>
			<string>sourcecode.c.objc</string>
			<key>path</key>
			<string>LeftCell.m</string>
			<key>sourceTree</key>
			<string>&lt;group&gt;</string>
		</dict>
		<key>5FA288D2199B0CF100F3CB8E</key>
		<dict>
			<key>fileRef</key>
			<string>5FA288D1199B0CF100F3CB8E</string>
			<key>isa</key>
			<string>PBXBuildFile</string>
		</dict>
		<key>5FA288D3199B0E7400F3CB8E</key>
		<dict>
			<key>fileEncoding</key>
			<string>4</string>
			<key>isa</key>
			<string>PBXFileReference</string>
			<key>lastKnownFileType</key>
			<string>sourcecode.c.h</string>
			<key>path</key>
			<string>LeftHeader.h</string>
			<key>sourceTree</key>
			<string>&lt;group&gt;</string>
		</dict>
		<key>5FA288D4199B0E7400F3CB8E</key>
		<dict>
			<key>fileEncoding</key>
			<string>4</string>
			<key>isa</key>
			<string>PBXFileReference</string>
			<key>lastKnownFileType</key>
			<string>sourcecode.c.objc</string>
			<key>path</key>
			<string>LeftHeader.m</string>
			<key>sourceTree</key>
			<string>&lt;group&gt;</string>
		</dict>
		<key>5FA288D5199B0E7400F3CB8E</key>
		<dict>
			<key>fileRef</key>
			<string>5FA288D4199B0E7400F3CB8E</string>
			<key>isa</key>
			<string>PBXBuildFile</string>
		</dict>
		<key>5FC3633B19A4FD050090547A</key>
		<dict>
			<key>isa</key>
			<string>PBXFileReference</string>
			<key>lastKnownFileType</key>
			<string>image.png</string>
			<key>path</key>
			<string>rssIcon@2x.png</string>
			<key>sourceTree</key>
			<string>&lt;group&gt;</string>
		</dict>
		<key>5FC3633C19A4FD050090547A</key>
		<dict>
			<key>fileRef</key>
			<string>5FC3633B19A4FD050090547A</string>
			<key>isa</key>
			<string>PBXBuildFile</string>
		</dict>
		<key>5FC3633D19A5033F0090547A</key>
		<dict>
			<key>fileEncoding</key>
			<string>4</string>
			<key>isa</key>
			<string>PBXFileReference</string>
			<key>lastKnownFileType</key>
			<string>sourcecode.c.h</string>
			<key>path</key>
			<string>RssDetailScene.h</string>
			<key>sourceTree</key>
			<string>&lt;group&gt;</string>
		</dict>
		<key>5FC3633E19A5033F0090547A</key>
		<dict>
			<key>fileEncoding</key>
			<string>4</string>
			<key>isa</key>
			<string>PBXFileReference</string>
			<key>lastKnownFileType</key>
			<string>sourcecode.c.objc</string>
			<key>path</key>
			<string>RssDetailScene.m</string>
			<key>sourceTree</key>
			<string>&lt;group&gt;</string>
		</dict>
		<key>5FC3633F19A5033F0090547A</key>
		<dict>
			<key>fileRef</key>
			<string>5FC3633E19A5033F0090547A</string>
			<key>isa</key>
			<string>PBXBuildFile</string>
		</dict>
		<key>5FC3634019A505230090547A</key>
		<dict>
			<key>fileEncoding</key>
			<string>4</string>
			<key>isa</key>
			<string>PBXFileReference</string>
			<key>lastKnownFileType</key>
			<string>text.html</string>
			<key>path</key>
			<string>css.html</string>
			<key>sourceTree</key>
			<string>&lt;group&gt;</string>
		</dict>
		<key>5FC3634319A505230090547A</key>
		<dict>
			<key>fileRef</key>
			<string>5FC3634019A505230090547A</string>
			<key>isa</key>
			<string>PBXBuildFile</string>
		</dict>
		<key>8B531E9FA80149D58BACC8FA</key>
		<dict>
			<key>buildActionMask</key>
			<string>2147483647</string>
			<key>files</key>
			<array/>
			<key>inputPaths</key>
			<array/>
			<key>isa</key>
			<string>PBXShellScriptBuildPhase</string>
			<key>name</key>
			<string>Check Pods Manifest.lock</string>
			<key>outputPaths</key>
			<array/>
			<key>runOnlyForDeploymentPostprocessing</key>
			<string>0</string>
			<key>shellPath</key>
			<string>/bin/sh</string>
			<key>shellScript</key>
			<string>diff "${PODS_ROOT}/../Podfile.lock" "${PODS_ROOT}/Manifest.lock" &gt; /dev/null
if [[ $? != 0 ]] ; then
    cat &lt;&lt; EOM
error: The sandbox is not in sync with the Podfile.lock. Run 'pod install' or update your CocoaPods installation.
EOM
    exit 1
fi
</string>
			<key>showEnvVarsInLog</key>
			<string>0</string>
		</dict>
		<key>A86CFD2511204D1485D569FC</key>
		<dict>
			<key>explicitFileType</key>
			<string>archive.ar</string>
			<key>includeInIndex</key>
			<string>0</string>
			<key>isa</key>
			<string>PBXFileReference</string>
			<key>path</key>
			<string>libPods.a</string>
			<key>sourceTree</key>
			<string>BUILT_PRODUCTS_DIR</string>
		</dict>
		<key>D86E362395494708A490D147</key>
		<dict>
			<key>buildActionMask</key>
			<string>2147483647</string>
			<key>files</key>
			<array/>
			<key>inputPaths</key>
			<array/>
			<key>isa</key>
			<string>PBXShellScriptBuildPhase</string>
			<key>name</key>
			<string>Copy Pods Resources</string>
			<key>outputPaths</key>
			<array/>
			<key>runOnlyForDeploymentPostprocessing</key>
			<string>0</string>
			<key>shellPath</key>
			<string>/bin/sh</string>
			<key>shellScript</key>
			<string>"${SRCROOT}/Pods/Pods-resources.sh"
</string>
			<key>showEnvVarsInLog</key>
			<string>0</string>
		</dict>
		<key>E162A456897B49C39563CC16</key>
		<dict>
			<key>fileRef</key>
			<string>A86CFD2511204D1485D569FC</string>
			<key>isa</key>
			<string>PBXBuildFile</string>
		</dict>
	</dict>
	<key>rootObject</key>
	<string>5F578276199A43D600FCA0EE</string>
</dict>
</plist>
